
Microsoft Visual Studio Solution File, Format Version 12.00
# Visual Studio Version 16
VisualStudioVersion = 16.0.28803.352
MinimumVisualStudioVersion = 10.0.40219.1
Project("{9092AA53-FB77-4645-B42D-1CCCA6BD08BD}") = "CKANbuilder", "CKANbuilder.njsproj", "{5ABD1BF4-2616-42C3-9E3D-4EF0C971CF0D}"
EndProject
Global
	GlobalSection(SolutionConfigurationPlatforms) = preSolution
		Debug|Any CPU = Debug|Any CPU
		Release|Any CPU = Release|Any CPU
	EndGlobalSection
	GlobalSection(ProjectConfigurationPlatforms) = postSolution
		{5ABD1BF4-2616-42C3-9E3D-4EF0C971CF0D}.Debug|Any CPU.ActiveCfg = Debug|Any CPU
		{5ABD1BF4-2616-42C3-9E3D-4EF0C971CF0D}.Debug|Any CPU.Build.0 = Debug|Any CPU
		{5ABD1BF4-2616-42C3-9E3D-4EF0C971CF0D}.Release|Any CPU.ActiveCfg = Release|Any CPU
		{5ABD1BF4-2616-42C3-9E3D-4EF0C971CF0D}.Release|Any CPU.Build.0 = Release|Any CPU
	EndGlobalSection
	GlobalSection(SolutionProperties) = preSolution
		HideSolutionNode = FALSE
	EndGlobalSection
	GlobalSection(ExtensibilityGlobals) = postSolution
		SolutionGuid = {889C0DFE-5A34-455E-8254-222C858A03CD}
	EndGlobalSection
EndGlobal
